{
  "version": 4,
  "terraform_version": "1.8.3",
  "serial": 21,
  "lineage": "75e81682-c9c8-8d96-3b81-d590f575cfeb",
  "outputs": {},
  "resources": [
    {
      "mode": "managed",
      "type": "helm_release",
      "name": "kotlin_app",
      "provider": "provider[\"registry.terraform.io/hashicorp/helm\"]",
      "instances": [
        {
          "schema_version": 1,
          "attributes": {
            "atomic": false,
            "chart": "../Chart/app",
            "cleanup_on_fail": false,
            "create_namespace": false,
            "dependency_update": false,
            "description": null,
            "devel": null,
            "disable_crd_hooks": false,
            "disable_openapi_validation": false,
            "disable_webhooks": false,
            "force_update": false,
            "id": "kotlin-app",
            "keyring": null,
            "lint": false,
            "manifest": null,
            "max_history": 0,
            "metadata": [
              {
                "app_version": "1.16.0",
                "chart": "app",
                "first_deployed": 1742576031,
                "last_deployed": 1742576031,
                "name": "kotlin-app",
                "namespace": "default",
                "notes": "1. Get the application URL by running these commands:\n  export POD_NAME=$(kubectl get pods --namespace default -l \"app.kubernetes.io/name=app,app.kubernetes.io/instance=kotlin-app\" -o jsonpath=\"{.items[0].metadata.name}\")\n  export CONTAINER_PORT=$(kubectl get pod --namespace default $POD_NAME -o jsonpath=\"{.spec.containers[0].ports[0].containerPort}\")\n  echo \"Visit http://127.0.0.1:8080 to use your application\"\n  kubectl --namespace default port-forward $POD_NAME 8080:$CONTAINER_PORT\n",
                "revision": 1,
                "values": "{\"image\":{\"pullPolicy\":\"Never\",\"repository\":\"kotlin-app\",\"tag\":\"latest\"},\"service\":{\"port\":8080}}",
                "version": "0.1.0"
              }
            ],
            "name": "kotlin-app",
            "namespace": "default",
            "pass_credentials": false,
            "postrender": [],
            "recreate_pods": false,
            "render_subchart_notes": true,
            "replace": false,
            "repository": null,
            "repository_ca_file": null,
            "repository_cert_file": null,
            "repository_key_file": null,
            "repository_password": null,
            "repository_username": null,
            "reset_values": false,
            "reuse_values": false,
            "set": [
              {
                "name": "image.pullPolicy",
                "type": "",
                "value": "Never"
              },
              {
                "name": "image.repository",
                "type": "",
                "value": "kotlin-app"
              },
              {
                "name": "image.tag",
                "type": "",
                "value": "latest"
              },
              {
                "name": "service.port",
                "type": "",
                "value": "8080"
              }
            ],
            "set_list": [],
            "set_sensitive": [],
            "skip_crds": false,
            "status": "deployed",
            "timeout": 300,
            "upgrade_install": null,
            "values": null,
            "verify": false,
            "version": "0.1.0",
            "wait": true,
            "wait_for_jobs": false
          },
          "sensitive_attributes": [
            [
              {
                "type": "get_attr",
                "value": "repository_password"
              }
            ]
          ],
          "private": "eyJzY2hlbWFfdmVyc2lvbiI6IjEifQ=="
        }
      ]
    }
  ],
  "check_results": null
}
